
Microsoft Visual Studio Solution File, Format Version 12.00
# Visual Studio Version 16
VisualStudioVersion = 16.0.30320.27
MinimumVisualStudioVersion = 10.0.40219.1
Project("{FAE04EC0-301F-11D3-BF4B-00C04F79EFBC}") = "GenericMapper", "GenericMapper\GenericMapper.csproj", "{BC784D41-A327-4406-8EFC-B6868D2ECD62}"
EndProject
Global
	GlobalSection(SolutionConfigurationPlatforms) = preSolution
		Debug|Any CPU = Debug|Any CPU
		Release|Any CPU = Release|Any CPU
	EndGlobalSection
	GlobalSection(ProjectConfigurationPlatforms) = postSolution
		{BC784D41-A327-4406-8EFC-B6868D2ECD62}.Debug|Any CPU.ActiveCfg = Debug|Any CPU
		{BC784D41-A327-4406-8EFC-B6868D2ECD62}.Debug|Any CPU.Build.0 = Debug|Any CPU
		{BC784D41-A327-4406-8EFC-B6868D2ECD62}.Release|Any CPU.ActiveCfg = Release|Any CPU
		{BC784D41-A327-4406-8EFC-B6868D2ECD62}.Release|Any CPU.Build.0 = Release|Any CPU
	EndGlobalSection
	GlobalSection(SolutionProperties) = preSolution
		HideSolutionNode = FALSE
	EndGlobalSection
	GlobalSection(ExtensibilityGlobals) = postSolution
		SolutionGuid = {AB6B784A-C32F-4ADE-AF4F-A396F13DA6F2}
	EndGlobalSection
EndGlobal
